// !$*UTF8*$!
{
	archiveVersion = 1;
	classes = {
	};
	objectVersion = 50;
	objects = {

/* Begin PBXBuildFile section */
		37C79D6422E2140300E06E47 /* AppDelegate.swift in Sources */ = {isa = PBXBuildFile; fileRef = 37C79D6322E2140300E06E47 /* AppDelegate.swift */; };
		37C79D6622E2140300E06E47 /* MoviesTableViewController.swift in Sources */ = {isa = PBXBuildFile; fileRef = 37C79D6522E2140300E06E47 /* MoviesTableViewController.swift */; };
		37C79D6922E2140300E06E47 /* Main.storyboard in Resources */ = {isa = PBXBuildFile; fileRef = 37C79D6722E2140300E06E47 /* Main.storyboard */; };
		37C79D6B22E2140300E06E47 /* Assets.xcassets in Resources */ = {isa = PBXBuildFile; fileRef = 37C79D6A22E2140300E06E47 /* Assets.xcassets */; };
		37C79D6E22E2140300E06E47 /* LaunchScreen.storyboard in Resources */ = {isa = PBXBuildFile; fileRef = 37C79D6C22E2140300E06E47 /* LaunchScreen.storyboard */; };
		37C79D7622E2164B00E06E47 /* AddMovieViewController.swift in Sources */ = {isa = PBXBuildFile; fileRef = 37C79D7522E2164B00E06E47 /* AddMovieViewController.swift */; };
		37C79D7822E2168200E06E47 /* Movie.swift in Sources */ = {isa = PBXBuildFile; fileRef = 37C79D7722E2168200E06E47 /* Movie.swift */; };
		37C79D7A22E2168D00E06E47 /* MovieController.swift in Sources */ = {isa = PBXBuildFile; fileRef = 37C79D7922E2168D00E06E47 /* MovieController.swift */; };
		37C79D8022E2196200E06E47 /* MovieTableViewCell.swift in Sources */ = {isa = PBXBuildFile; fileRef = 37C79D7F22E2196200E06E47 /* MovieTableViewCell.swift */; };
/* End PBXBuildFile section */

/* Begin PBXFileReference section */
		37C79D6022E2140300E06E47 /* Movie List.app */ = {isa = PBXFileReference; explicitFileType = wrapper.application; includeInIndex = 0; path = "Movie List.app"; sourceTree = BUILT_PRODUCTS_DIR; };
		37C79D6322E2140300E06E47 /* AppDelegate.swift */ = {isa = PBXFileReference; lastKnownFileType = sourcecode.swift; path = AppDelegate.swift; sourceTree = "<group>"; };
		37C79D6522E2140300E06E47 /* MoviesTableViewController.swift */ = {isa = PBXFileReference; lastKnownFileType = sourcecode.swift; path = MoviesTableViewController.swift; sourceTree = "<group>"; };
		37C79D6822E2140300E06E47 /* Base */ = {isa = PBXFileReference; lastKnownFileType = file.storyboard; name = Base; path = Base.lproj/Main.storyboard; sourceTree = "<group>"; };
		37C79D6A22E2140300E06E47 /* Assets.xcassets */ = {isa = PBXFileReference; lastKnownFileType = folder.assetcatalog; path = Assets.xcassets; sourceTree = "<group>"; };
		37C79D6D22E2140300E06E47 /* Base */ = {isa = PBXFileReference; lastKnownFileType = file.storyboard; name = Base; path = Base.lproj/LaunchScreen.storyboard; sourceTree = "<group>"; };
		37C79D6F22E2140300E06E47 /* Info.plist */ = {isa = PBXFileReference; lastKnownFileType = text.plist.xml; path = Info.plist; sourceTree = "<group>"; };
		37C79D7522E2164B00E06E47 /* AddMovieViewController.swift */ = {isa = PBXFileReference; lastKnownFileType = sourcecode.swift; path = AddMovieViewController.swift; sourceTree = "<group>"; };
		37C79D7722E2168200E06E47 /* Movie.swift */ = {isa = PBXFileReference; lastKnownFileType = sourcecode.swift; path = Movie.swift; sourceTree = "<group>"; };
		37C79D7922E2168D00E06E47 /* MovieController.swift */ = {isa = PBXFileReference; lastKnownFileType = sourcecode.swift; path = MovieController.swift; sourceTree = "<group>"; };
		37C79D7F22E2196200E06E47 /* MovieTableViewCell.swift */ = {isa = PBXFileReference; lastKnownFileType = sourcecode.swift; path = MovieTableViewCell.swift; sourceTree = "<group>"; };
/* End PBXFileReference section */

/* Begin PBXFrameworksBuildPhase section */
		37C79D5D22E2140300E06E47 /* Frameworks */ = {
			isa = PBXFrameworksBuildPhase;
			buildActionMask = 2147483647;
			files = (
			);
			runOnlyForDeploymentPostprocessing = 0;
		};
/* End PBXFrameworksBuildPhase section */

/* Begin PBXGroup section */
		37C79D5722E2140200E06E47 = {
			isa = PBXGroup;
			children = (
				37C79D6222E2140300E06E47 /* Movie List */,
				37C79D6122E2140300E06E47 /* Products */,
			);
			sourceTree = "<group>";
		};
		37C79D6122E2140300E06E47 /* Products */ = {
			isa = PBXGroup;
			children = (
				37C79D6022E2140300E06E47 /* Movie List.app */,
			);
			name = Products;
			sourceTree = "<group>";
		};
		37C79D6222E2140300E06E47 /* Movie List */ = {
			isa = PBXGroup;
			children = (
				37C79D6322E2140300E06E47 /* AppDelegate.swift */,
				37C79D7D22E216A800E06E47 /* View Controllers */,
				37C79D7B22E2169400E06E47 /* Model */,
				37C79D7C22E2169B00E06E47 /* Model Controller */,
				37C79D7E22E216B300E06E47 /* Storyboards */,
				37C79D6A22E2140300E06E47 /* Assets.xcassets */,
				37C79D6C22E2140300E06E47 /* LaunchScreen.storyboard */,
				37C79D6F22E2140300E06E47 /* Info.plist */,
			);
			path = "Movie List";
			sourceTree = "<group>";
		};
		37C79D7B22E2169400E06E47 /* Model */ = {
			isa = PBXGroup;
			children = (
				37C79D7722E2168200E06E47 /* Movie.swift */,
			);
			path = Model;
			sourceTree = "<group>";
		};
		37C79D7C22E2169B00E06E47 /* Model Controller */ = {
			isa = PBXGroup;
			children = (
				37C79D7922E2168D00E06E47 /* MovieController.swift */,
			);
			path = "Model Controller";
			sourceTree = "<group>";
		};
		37C79D7D22E216A800E06E47 /* View Controllers */ = {
			isa = PBXGroup;
			children = (
				37C79D6522E2140300E06E47 /* MoviesTableViewController.swift */,
				37C79D7F22E2196200E06E47 /* MovieTableViewCell.swift */,
				37C79D7522E2164B00E06E47 /* AddMovieViewController.swift */,
			);
			path = "View Controllers";
			sourceTree = "<group>";
		};
		37C79D7E22E216B300E06E47 /* Storyboards */ = {
			isa = PBXGroup;
			children = (
				37C79D6722E2140300E06E47 /* Main.storyboard */,
			);
			path = Storyboards;
			sourceTree = "<group>";
		};
/* End PBXGroup section */

/* Begin PBXNativeTarget section */
		37C79D5F22E2140300E06E47 /* Movie List */ = {
			isa = PBXNativeTarget;
			buildConfigurationList = 37C79D7222E2140300E06E47 /* Build configuration list for PBXNativeTarget "Movie List" */;
			buildPhases = (
				37C79D5C22E2140300E06E47 /* Sources */,
				37C79D5D22E2140300E06E47 /* Frameworks */,
				37C79D5E22E2140300E06E47 /* Resources */,
			);
			buildRules = (
			);
			dependencies = (
			);
			name = "Movie List";
			productName = "Movie List";
			productReference = 37C79D6022E2140300E06E47 /* Movie List.app */;
			productType = "com.apple.product-type.application";
		};
/* End PBXNativeTarget section */

/* Begin PBXProject section */
		37C79D5822E2140200E06E47 /* Project object */ = {
			isa = PBXProject;
			attributes = {
				LastSwiftUpdateCheck = 1020;
				LastUpgradeCheck = 1020;
				ORGANIZATIONNAME = "Marlon Raskin";
				TargetAttributes = {
					37C79D5F22E2140300E06E47 = {
						CreatedOnToolsVersion = 10.2.1;
					};
				};
			};
			buildConfigurationList = 37C79D5B22E2140200E06E47 /* Build configuration list for PBXProject "Movie List" */;
			compatibilityVersion = "Xcode 9.3";
			developmentRegion = en;
			hasScannedForEncodings = 0;
			knownRegions = (
				en,
				Base,
			);
			mainGroup = 37C79D5722E2140200E06E47;
			productRefGroup = 37C79D6122E2140300E06E47 /* Products */;
			projectDirPath = "";
			projectRoot = "";
			targets = (
				37C79D5F22E2140300E06E47 /* Movie List */,
			);
		};
/* End PBXProject section */

/* Begin PBXResourcesBuildPhase section */
		37C79D5E22E2140300E06E47 /* Resources */ = {
			isa = PBXResourcesBuildPhase;
			buildActionMask = 2147483647;
			files = (
				37C79D6E22E2140300E06E47 /* LaunchScreen.storyboard in Resources */,
				37C79D6B22E2140300E06E47 /* Assets.xcassets in Resources */,
				37C79D6922E2140300E06E47 /* Main.storyboard in Resources */,
			);
			runOnlyForDeploymentPostprocessing = 0;
		};
/* End PBXResourcesBuildPhase section */

/* Begin PBXSourcesBuildPhase section */
		37C79D5C22E2140300E06E47 /* Sources */ = {
			isa = PBXSourcesBuildPhase;
			buildActionMask = 2147483647;
			files = (
				37C79D6622E2140300E06E47 /* MoviesTableViewController.swift in Sources */,
				37C79D7A22E2168D00E06E47 /* MovieController.swift in Sources */,
				37C79D8022E2196200E06E47 /* MovieTableViewCell.swift in Sources */,
				37C79D6422E2140300E06E47 /* AppDelegate.swift in Sources */,
				37C79D7822E2168200E06E47 /* Movie.swift in Sources */,
				37C79D7622E2164B00E06E47 /* AddMovieViewController.swift in Sources */,
			);
			runOnlyForDeploymentPostprocessing = 0;
		};
/* End PBXSourcesBuildPhase section */

/* Begin PBXVariantGroup section */
		37C79D6722E2140300E06E47 /* Main.storyboard */ = {
			isa = PBXVariantGroup;
			children = (
				37C79D6822E2140300E06E47 /* Base */,
			);
			name = Main.storyboard;
			sourceTree = "<group>";
		};
		37C79D6C22E2140300E06E47 /* LaunchScreen.storyboard */ = {
			isa = PBXVariantGroup;
			children = (
				37C79D6D22E2140300E06E47 /* Base */,
			);
			name = LaunchScreen.storyboard;
			sourceTree = "<group>";
		};
/* End PBXVariantGroup section */

/* Begin XCBuildConfiguration section */
		37C79D7022E2140300E06E47 /* Debug */ = {
			isa = XCBuildConfiguration;
			buildSettings = {
				ALWAYS_SEARCH_USER_PATHS = NO;
				CLANG_ANALYZER_NONNULL = YES;
				CLANG_ANALYZER_NUMBER_OBJECT_CONVERSION = YES_AGGRESSIVE;
				CLANG_CXX_LANGUAGE_STANDARD = "gnu++14";
				CLANG_CXX_LIBRARY = "libc++";
				CLANG_ENABLE_MODULES = YES;
				CLANG_ENABLE_OBJC_ARC = YES;
				CLANG_ENABLE_OBJC_WEAK = YES;
				CLANG_WARN_BLOCK_CAPTURE_AUTORELEASING = YES;
				CLANG_WARN_BOOL_CONVERSION = YES;
				CLANG_WARN_COMMA = YES;
				CLANG_WARN_CONSTANT_CONVERSION = YES;
				CLANG_WARN_DEPRECATED_OBJC_IMPLEMENTATIONS = YES;
				CLANG_WARN_DIRECT_OBJC_ISA_USAGE = YES_ERROR;
				CLANG_WARN_DOCUMENTATION_COMMENTS = YES;
				CLANG_WARN_EMPTY_BODY = YES;
				CLANG_WARN_ENUM_CONVERSION = YES;
				CLANG_WARN_INFINITE_RECURSION = YES;
				CLANG_WARN_INT_CONVERSION = YES;
				CLANG_WARN_NON_LITERAL_NULL_CONVERSION = YES;
				CLANG_WARN_OBJC_IMPLICIT_RETAIN_SELF = YES;
				CLANG_WARN_OBJC_LITERAL_CONVERSION = YES;
				CLANG_WARN_OBJC_ROOT_CLASS = YES_ERROR;
				CLANG_WARN_RANGE_LOOP_ANALYSIS = YES;
				CLANG_WARN_STRICT_PROTOTYPES = YES;
				CLANG_WARN_SUSPICIOUS_MOVE = YES;
				CLANG_WARN_UNGUARDED_AVAILABILITY = YES_AGGRESSIVE;
				CLANG_WARN_UNREACHABLE_CODE = YES;
				CLANG_WARN__DUPLICATE_METHOD_MATCH = YES;
				CODE_SIGN_IDENTITY = "iPhone Developer";
				COPY_PHASE_STRIP = NO;
				DEBUG_INFORMATION_FORMAT = dwarf;
				ENABLE_STRICT_OBJC_MSGSEND = YES;
				ENABLE_TESTABILITY = YES;
				GCC_C_LANGUAGE_STANDARD = gnu11;
				GCC_DYNAMIC_NO_PIC = NO;
				GCC_NO_COMMON_BLOCKS = YES;
				GCC_OPTIMIZATION_LEVEL = 0;
				GCC_PREPROCESSOR_DEFINITIONS = (
					"DEBUG=1",
					"$(inherited)",
				);
				GCC_WARN_64_TO_32_BIT_CONVERSION = YES;
				GCC_WARN_ABOUT_RETURN_TYPE = YES_ERROR;
				GCC_WARN_UNDECLARED_SELECTOR = YES;
				GCC_WARN_UNINITIALIZED_AUTOS = YES_AGGRESSIVE;
				GCC_WARN_UNUSED_FUNCTION = YES;
				GCC_WARN_UNUSED_VARIABLE = YES;
				IPHONEOS_DEPLOYMENT_TARGET = 12.2;
				MTL_ENABLE_DEBUG_INFO = INCLUDE_SOURCE;
				MTL_FAST_MATH = YES;
				ONLY_ACTIVE_ARCH = YES;
				SDKROOT = iphoneos;
				SWIFT_ACTIVE_COMPILATION_CONDITIONS = DEBUG;
				SWIFT_OPTIMIZATION_LEVEL = "-Onone";
			};
			name = Debug;
		};
		37C79D7122E2140300E06E47 /* Release */ = {
			isa = XCBuildConfiguration;
			buildSettings = {
				ALWAYS_SEARCH_USER_PATHS = NO;
				CLANG_ANALYZER_NONNULL = YES;
				CLANG_ANALYZER_NUMBER_OBJECT_CONVERSION = YES_AGGRESSIVE;
				CLANG_CXX_LANGUAGE_STANDARD = "gnu++14";
				CLANG_CXX_LIBRARY = "libc++";
				CLANG_ENABLE_MODULES = YES;
				CLANG_ENABLE_OBJC_ARC = YES;
				CLANG_ENABLE_OBJC_WEAK = YES;
				CLANG_WARN_BLOCK_CAPTURE_AUTORELEASING = YES;
				CLANG_WARN_BOOL_CONVERSION = YES;
				CLANG_WARN_COMMA = YES;
				CLANG_WARN_CONSTANT_CONVERSION = YES;
				CLANG_WARN_DEPRECATED_OBJC_IMPLEMENTATIONS = YES;
				CLANG_WARN_DIRECT_OBJC_ISA_USAGE = YES_ERROR;
				CLANG_WARN_DOCUMENTATION_COMMENTS = YES;
				CLANG_WARN_EMPTY_BODY = YES;
				CLANG_WARN_ENUM_CONVERSION = YES;
				CLANG_WARN_INFINITE_RECURSION = YES;
				CLANG_WARN_INT_CONVERSION = YES;
				CLANG_WARN_NON_LITERAL_NULL_CONVERSION = YES;
				CLANG_WARN_OBJC_IMPLICIT_RETAIN_SELF = YES;
				CLANG_WARN_OBJC_LITERAL_CONVERSION = YES;
				CLANG_WARN_OBJC_ROOT_CLASS = YES_ERROR;
				CLANG_WARN_RANGE_LOOP_ANALYSIS = YES;
				CLANG_WARN_STRICT_PROTOTYPES = YES;
				CLANG_WARN_SUSPICIOUS_MOVE = YES;
				CLANG_WARN_UNGUARDED_AVAILABILITY = YES_AGGRESSIVE;
				CLANG_WARN_UNREACHABLE_CODE = YES;
				CLANG_WARN__DUPLICATE_METHOD_MATCH = YES;
				CODE_SIGN_IDENTITY = "iPhone Developer";
				COPY_PHASE_STRIP = NO;
				DEBUG_INFORMATION_FORMAT = "dwarf-with-dsym";
				ENABLE_NS_ASSERTIONS = NO;
				ENABLE_STRICT_OBJC_MSGSEND = YES;
				GCC_C_LANGUAGE_STANDARD = gnu11;
				GCC_NO_COMMON_BLOCKS = YES;
				GCC_WARN_64_TO_32_BIT_CONVERSION = YES;
				GCC_WARN_ABOUT_RETURN_TYPE = YES_ERROR;
				GCC_WARN_UNDECLARED_SELECTOR = YES;
				GCC_WARN_UNINITIALIZED_AUTOS = YES_AGGRESSIVE;
				GCC_WARN_UNUSED_FUNCTION = YES;
				GCC_WARN_UNUSED_VARIABLE = YES;
				IPHONEOS_DEPLOYMENT_TARGET = 12.2;
				MTL_ENABLE_DEBUG_INFO = NO;
				MTL_FAST_MATH = YES;
				SDKROOT = iphoneos;
				SWIFT_COMPILATION_MODE = wholemodule;
				SWIFT_OPTIMIZATION_LEVEL = "-O";
				VALIDATE_PRODUCT = YES;
			};
			name = Release;
		};
		37C79D7322E2140300E06E47 /* Debug */ = {
			isa = XCBuildConfiguration;
			buildSettings = {
				ASSETCATALOG_COMPILER_APPICON_NAME = AppIcon;
				CODE_SIGN_STYLE = Automatic;
				DEVELOPMENT_TEAM = D6VB3396MT;
				INFOPLIST_FILE = "Movie List/Info.plist";
				LD_RUNPATH_SEARCH_PATHS = (
					"$(inherited)",
					"@executable_path/Frameworks",
				);
				PRODUCT_BUNDLE_IDENTIFIER = "com.marlonraskin.Movie-List";
				PRODUCT_NAME = "$(TARGET_NAME)";
				SWIFT_VERSION = 5.0;
				TARGETED_DEVICE_FAMILY = "1,2";
			};
			name = Debug;
		};
		37C79D7422E2140300E06E47 /* Release */ = {
			isa = XCBuildConfiguration;
			buildSettings = {
				ASSETCATALOG_COMPILER_APPICON_NAME = AppIcon;
				CODE_SIGN_STYLE = Automatic;
				DEVELOPMENT_TEAM = D6VB3396MT;
				INFOPLIST_FILE = "Movie List/Info.plist";
				LD_RUNPATH_SEARCH_PATHS = (
					"$(inherited)",
					"@executable_path/Frameworks",
				);
				PRODUCT_BUNDLE_IDENTIFIER = "com.marlonraskin.Movie-List";
				PRODUCT_NAME = "$(TARGET_NAME)";
				SWIFT_VERSION = 5.0;
				TARGETED_DEVICE_FAMILY = "1,2";
			};
			name = Release;
		};
/* End XCBuildConfiguration section */

/* Begin XCConfigurationList section */
		37C79D5B22E2140200E06E47 /* Build configuration list for PBXProject "Movie List" */ = {
			isa = XCConfigurationList;
			buildConfigurations = (
				37C79D7022E2140300E06E47 /* Debug */,
				37C79D7122E2140300E06E47 /* Release */,
			);
			defaultConfigurationIsVisible = 0;
			defaultConfigurationName = Release;
		};
		37C79D7222E2140300E06E47 /* Build configuration list for PBXNativeTarget "Movie List" */ = {
			isa = XCConfigurationList;
			buildConfigurations = (
				37C79D7322E2140300E06E47 /* Debug */,
				37C79D7422E2140300E06E47 /* Release */,
			);
			defaultConfigurationIsVisible = 0;
			defaultConfigurationName = Release;
		};
/* End XCConfigurationList section */
	};
	rootObject = 37C79D5822E2140200E06E47 /* Project object */;
}
